
Microsoft Visual Studio Solution File, Format Version 12.00
# Visual Studio Version 16
VisualStudioVersion = 16.0.31729.503
MinimumVisualStudioVersion = 10.0.40219.1
Project("{FAE04EC0-301F-11D3-BF4B-00C04F79EFBC}") = "Student", "Student\Student.csproj", "{DF1E476B-62B6-4F23-8B06-4BBABA9D0A32}"
EndProject
Global
	GlobalSection(SolutionConfigurationPlatforms) = preSolution
		Debug|Any CPU = Debug|Any CPU
		Release|Any CPU = Release|Any CPU
	EndGlobalSection
	GlobalSection(ProjectConfigurationPlatforms) = postSolution
		{DF1E476B-62B6-4F23-8B06-4BBABA9D0A32}.Debug|Any CPU.ActiveCfg = Debug|Any CPU
		{DF1E476B-62B6-4F23-8B06-4BBABA9D0A32}.Debug|Any CPU.Build.0 = Debug|Any CPU
		{DF1E476B-62B6-4F23-8B06-4BBABA9D0A32}.Release|Any CPU.ActiveCfg = Release|Any CPU
		{DF1E476B-62B6-4F23-8B06-4BBABA9D0A32}.Release|Any CPU.Build.0 = Release|Any CPU
	EndGlobalSection
	GlobalSection(SolutionProperties) = preSolution
		HideSolutionNode = FALSE
	EndGlobalSection
	GlobalSection(ExtensibilityGlobals) = postSolution
		SolutionGuid = {3B68F760-51BA-417F-B988-B7A9FB7294B5}
	EndGlobalSection
EndGlobal
